// !$*UTF8*$!
{
	archiveVersion = 1;
	classes = {
	};
	objectVersion = 56;
	objects = {

/* Begin PBXBuildFile section */
		9E1971242B70DB8900B3DC4F /* AppDelegate.swift in Sources */ = {isa = PBXBuildFile; fileRef = 9E1971232B70DB8900B3DC4F /* AppDelegate.swift */; };
		9E1971262B70DB8900B3DC4F /* SceneDelegate.swift in Sources */ = {isa = PBXBuildFile; fileRef = 9E1971252B70DB8900B3DC4F /* SceneDelegate.swift */; };
		9E1971282B70DB8900B3DC4F /* ViewController.swift in Sources */ = {isa = PBXBuildFile; fileRef = 9E1971272B70DB8900B3DC4F /* ViewController.swift */; };
		9E19712B2B70DB8900B3DC4F /* Main.storyboard in Resources */ = {isa = PBXBuildFile; fileRef = 9E1971292B70DB8900B3DC4F /* Main.storyboard */; };
		9E19712D2B70DB8B00B3DC4F /* Assets.xcassets in Resources */ = {isa = PBXBuildFile; fileRef = 9E19712C2B70DB8B00B3DC4F /* Assets.xcassets */; };
		9E1971302B70DB8B00B3DC4F /* LaunchScreen.storyboard in Resources */ = {isa = PBXBuildFile; fileRef = 9E19712E2B70DB8B00B3DC4F /* LaunchScreen.storyboard */; };
/* End PBXBuildFile section */

/* Begin PBXFileReference section */
		9E07CDC42B958EBE00729611 /* Future.playground */ = {isa = PBXFileReference; lastKnownFileType = file.playground; path = Future.playground; sourceTree = "<group>"; xcLanguageSpecificationIdentifier = xcode.lang.swift; };
		9E07CDC52B95992E00729611 /* Deferred.playground */ = {isa = PBXFileReference; lastKnownFileType = file.playground; path = Deferred.playground; sourceTree = "<group>"; xcLanguageSpecificationIdentifier = xcode.lang.swift; };
		9E07CDC62B959DA100729611 /* Empty.playground */ = {isa = PBXFileReference; lastKnownFileType = file.playground; path = Empty.playground; sourceTree = "<group>"; xcLanguageSpecificationIdentifier = xcode.lang.swift; };
		9E07CDC72B95A20900729611 /* Fail.playground */ = {isa = PBXFileReference; lastKnownFileType = file.playground; path = Fail.playground; sourceTree = "<group>"; xcLanguageSpecificationIdentifier = xcode.lang.swift; };
		9E07CDC82B95A33900729611 /* Record.playground */ = {isa = PBXFileReference; lastKnownFileType = file.playground; path = Record.playground; sourceTree = "<group>"; xcLanguageSpecificationIdentifier = xcode.lang.swift; };
		9E07CDC92B95A9C900729611 /* CurrentValueSubject.playground */ = {isa = PBXFileReference; lastKnownFileType = file.playground; path = CurrentValueSubject.playground; sourceTree = "<group>"; xcLanguageSpecificationIdentifier = xcode.lang.swift; };
		9E07CDCA2B95B53B00729611 /* Sink.playground */ = {isa = PBXFileReference; lastKnownFileType = file.playground; path = Sink.playground; sourceTree = "<group>"; xcLanguageSpecificationIdentifier = xcode.lang.swift; };
		9E07CDCC2B96BD2200729611 /* Publisher+Subscription+Subscriber.playground */ = {isa = PBXFileReference; lastKnownFileType = file.playground; path = "Publisher+Subscription+Subscriber.playground"; sourceTree = "<group>"; xcLanguageSpecificationIdentifier = xcode.lang.swift; };
		9E07CDCD2B96BD4900729611 /* Combine.playground */ = {isa = PBXFileReference; lastKnownFileType = file.playground; path = Combine.playground; sourceTree = "<group>"; xcLanguageSpecificationIdentifier = xcode.lang.swift; };
		9E1971202B70DB8900B3DC4F /* HelloCombine.app */ = {isa = PBXFileReference; explicitFileType = wrapper.application; includeInIndex = 0; path = HelloCombine.app; sourceTree = BUILT_PRODUCTS_DIR; };
		9E1971232B70DB8900B3DC4F /* AppDelegate.swift */ = {isa = PBXFileReference; lastKnownFileType = sourcecode.swift; path = AppDelegate.swift; sourceTree = "<group>"; };
		9E1971252B70DB8900B3DC4F /* SceneDelegate.swift */ = {isa = PBXFileReference; lastKnownFileType = sourcecode.swift; path = SceneDelegate.swift; sourceTree = "<group>"; };
		9E1971272B70DB8900B3DC4F /* ViewController.swift */ = {isa = PBXFileReference; lastKnownFileType = sourcecode.swift; path = ViewController.swift; sourceTree = "<group>"; };
		9E19712A2B70DB8900B3DC4F /* Base */ = {isa = PBXFileReference; lastKnownFileType = file.storyboard; name = Base; path = Base.lproj/Main.storyboard; sourceTree = "<group>"; };
		9E19712C2B70DB8B00B3DC4F /* Assets.xcassets */ = {isa = PBXFileReference; lastKnownFileType = folder.assetcatalog; path = Assets.xcassets; sourceTree = "<group>"; };
		9E19712F2B70DB8B00B3DC4F /* Base */ = {isa = PBXFileReference; lastKnownFileType = file.storyboard; name = Base; path = Base.lproj/LaunchScreen.storyboard; sourceTree = "<group>"; };
		9E1971312B70DB8B00B3DC4F /* Info.plist */ = {isa = PBXFileReference; lastKnownFileType = text.plist.xml; path = Info.plist; sourceTree = "<group>"; };
		9E1971392B70DBA400B3DC4F /* Just.playground */ = {isa = PBXFileReference; lastKnownFileType = file.playground; path = Just.playground; sourceTree = "<group>"; xcLanguageSpecificationIdentifier = xcode.lang.swift; };
		9E19713B2B71013600B3DC4F /* PassthroughSubject.playground */ = {isa = PBXFileReference; lastKnownFileType = file.playground; path = PassthroughSubject.playground; sourceTree = "<group>"; xcLanguageSpecificationIdentifier = xcode.lang.swift; };
		9E8FEA1D2B72356B000F74D5 /* Assign.playground */ = {isa = PBXFileReference; lastKnownFileType = file.playground; path = Assign.playground; sourceTree = "<group>"; xcLanguageSpecificationIdentifier = xcode.lang.swift; };
		9E8FEA202B724753000F74D5 /* Map.playground */ = {isa = PBXFileReference; lastKnownFileType = file.playground; path = Map.playground; sourceTree = "<group>"; xcLanguageSpecificationIdentifier = xcode.lang.swift; };
		9E9D5EDB2B9965CD00AA4E98 /* Contains.playground */ = {isa = PBXFileReference; lastKnownFileType = file.playground; path = Contains.playground; sourceTree = "<group>"; xcLanguageSpecificationIdentifier = xcode.lang.swift; };
		9E9D5EDC2B99693600AA4E98 /* ContainsWhere.playground */ = {isa = PBXFileReference; lastKnownFileType = file.playground; path = ContainsWhere.playground; sourceTree = "<group>"; xcLanguageSpecificationIdentifier = xcode.lang.swift; };
		9E9D5EDD2B996A3600AA4E98 /* TryContainsWhere.playground */ = {isa = PBXFileReference; lastKnownFileType = file.playground; path = TryContainsWhere.playground; sourceTree = "<group>"; xcLanguageSpecificationIdentifier = xcode.lang.swift; };
		9E9D5EDE2B996C9F00AA4E98 /* AllSatisfy.playground */ = {isa = PBXFileReference; lastKnownFileType = file.playground; path = AllSatisfy.playground; sourceTree = "<group>"; xcLanguageSpecificationIdentifier = xcode.lang.swift; };
		9E9D5EDF2B996DC300AA4E98 /* TryAllSatisfy.playground */ = {isa = PBXFileReference; lastKnownFileType = file.playground; path = TryAllSatisfy.playground; sourceTree = "<group>"; xcLanguageSpecificationIdentifier = xcode.lang.swift; };
		9EB009542B99C63100611846 /* Delay.playground */ = {isa = PBXFileReference; lastKnownFileType = file.playground; path = Delay.playground; sourceTree = "<group>"; xcLanguageSpecificationIdentifier = xcode.lang.swift; };
		9EB009552B99C86200611846 /* Throttle.playground */ = {isa = PBXFileReference; lastKnownFileType = file.playground; path = Throttle.playground; sourceTree = "<group>"; xcLanguageSpecificationIdentifier = xcode.lang.swift; };
		9EB009562B99CB9B00611846 /* Timeout.playground */ = {isa = PBXFileReference; lastKnownFileType = file.playground; path = Timeout.playground; sourceTree = "<group>"; xcLanguageSpecificationIdentifier = xcode.lang.swift; };
		9EB009582B99D52F00611846 /* Multicast.playground */ = {isa = PBXFileReference; lastKnownFileType = file.playground; path = Multicast.playground; sourceTree = "<group>"; xcLanguageSpecificationIdentifier = xcode.lang.swift; };
		9EB009592B99DC4600611846 /* Share.playground */ = {isa = PBXFileReference; lastKnownFileType = file.playground; path = Share.playground; sourceTree = "<group>"; xcLanguageSpecificationIdentifier = xcode.lang.swift; };
		9EBF8DA92B996F89004E2BE9 /* DropUntilOutput.playground */ = {isa = PBXFileReference; lastKnownFileType = file.playground; path = DropUntilOutput.playground; sourceTree = "<group>"; xcLanguageSpecificationIdentifier = xcode.lang.swift; };
		9EBF8DAA2B997190004E2BE9 /* Drop.playground */ = {isa = PBXFileReference; lastKnownFileType = file.playground; path = Drop.playground; sourceTree = "<group>"; xcLanguageSpecificationIdentifier = xcode.lang.swift; };
		9EBF8DAB2B997391004E2BE9 /* DropWhile.playground */ = {isa = PBXFileReference; lastKnownFileType = file.playground; path = DropWhile.playground; sourceTree = "<group>"; xcLanguageSpecificationIdentifier = xcode.lang.swift; };
		9EBF8DAC2B9975AF004E2BE9 /* TryDropWhile.playground */ = {isa = PBXFileReference; lastKnownFileType = file.playground; path = TryDropWhile.playground; sourceTree = "<group>"; xcLanguageSpecificationIdentifier = xcode.lang.swift; };
		9EBF8DAE2B9978D0004E2BE9 /* Concatenate.playground */ = {isa = PBXFileReference; lastKnownFileType = file.playground; path = Concatenate.playground; sourceTree = "<group>"; xcLanguageSpecificationIdentifier = xcode.lang.swift; };
		9EBF8DAF2B997AEE004E2BE9 /* Prefix.playground */ = {isa = PBXFileReference; lastKnownFileType = file.playground; path = Prefix.playground; sourceTree = "<group>"; xcLanguageSpecificationIdentifier = xcode.lang.swift; };
		9EBF8DB02B997C2D004E2BE9 /* PrefixWhile.playground */ = {isa = PBXFileReference; lastKnownFileType = file.playground; path = PrefixWhile.playground; sourceTree = "<group>"; xcLanguageSpecificationIdentifier = xcode.lang.swift; };
		9EBF8DB12B997CA9004E2BE9 /* TryPrefixWhile.playground */ = {isa = PBXFileReference; lastKnownFileType = file.playground; path = TryPrefixWhile.playground; sourceTree = "<group>"; xcLanguageSpecificationIdentifier = xcode.lang.swift; };
		9EBF8DB22B997D39004E2BE9 /* PrefixUntilOutput.playground */ = {isa = PBXFileReference; lastKnownFileType = file.playground; path = PrefixUntilOutput.playground; sourceTree = "<group>"; xcLanguageSpecificationIdentifier = xcode.lang.swift; };
		9EBF8DB42B9982F5004E2BE9 /* First.playground */ = {isa = PBXFileReference; lastKnownFileType = file.playground; path = First.playground; sourceTree = "<group>"; xcLanguageSpecificationIdentifier = xcode.lang.swift; };
		9EBF8DB52B99846B004E2BE9 /* FirstWhere.playground */ = {isa = PBXFileReference; lastKnownFileType = file.playground; path = FirstWhere.playground; sourceTree = "<group>"; xcLanguageSpecificationIdentifier = xcode.lang.swift; };
		9EBF8DB62B9984C0004E2BE9 /* TryFirstWhere.playground */ = {isa = PBXFileReference; lastKnownFileType = file.playground; path = TryFirstWhere.playground; sourceTree = "<group>"; xcLanguageSpecificationIdentifier = xcode.lang.swift; };
		9EBF8DB72B998572004E2BE9 /* Last.playground */ = {isa = PBXFileReference; lastKnownFileType = file.playground; path = Last.playground; sourceTree = "<group>"; xcLanguageSpecificationIdentifier = xcode.lang.swift; };
		9EBF8DB82B9986E0004E2BE9 /* LastWhere.playground */ = {isa = PBXFileReference; lastKnownFileType = file.playground; path = LastWhere.playground; sourceTree = "<group>"; xcLanguageSpecificationIdentifier = xcode.lang.swift; };
		9EBF8DB92B998711004E2BE9 /* TryLastWhere.playground */ = {isa = PBXFileReference; lastKnownFileType = file.playground; path = TryLastWhere.playground; sourceTree = "<group>"; xcLanguageSpecificationIdentifier = xcode.lang.swift; };
		9EBF8DBA2B9987E1004E2BE9 /* Output.playground */ = {isa = PBXFileReference; lastKnownFileType = file.playground; path = Output.playground; sourceTree = "<group>"; xcLanguageSpecificationIdentifier = xcode.lang.swift; };
		9EBF8DBB2B998AC4004E2BE9 /* Operator.playground */ = {isa = PBXFileReference; lastKnownFileType = file.playground; path = Operator.playground; sourceTree = "<group>"; xcLanguageSpecificationIdentifier = xcode.lang.swift; };
		9EBF8DBD2B99BF3F004E2BE9 /* MeasureInterval.playground */ = {isa = PBXFileReference; lastKnownFileType = file.playground; path = MeasureInterval.playground; sourceTree = "<group>"; xcLanguageSpecificationIdentifier = xcode.lang.swift; };
		9EBF8DBE2B99C225004E2BE9 /* Debounce.playground */ = {isa = PBXFileReference; lastKnownFileType = file.playground; path = Debounce.playground; sourceTree = "<group>"; xcLanguageSpecificationIdentifier = xcode.lang.swift; };
		9EC2FF522B9830880075B9F3 /* TryMap.playground */ = {isa = PBXFileReference; lastKnownFileType = file.playground; path = TryMap.playground; sourceTree = "<group>"; xcLanguageSpecificationIdentifier = xcode.lang.swift; };
		9EC2FF532B9832910075B9F3 /* MapError.playground */ = {isa = PBXFileReference; lastKnownFileType = file.playground; path = MapError.playground; sourceTree = "<group>"; xcLanguageSpecificationIdentifier = xcode.lang.swift; };
		9EC2FF542B9835E90075B9F3 /* Scan.playground */ = {isa = PBXFileReference; lastKnownFileType = file.playground; path = Scan.playground; sourceTree = "<group>"; xcLanguageSpecificationIdentifier = xcode.lang.swift; };
		9EC2FF552B9837580075B9F3 /* TryScan.playground */ = {isa = PBXFileReference; lastKnownFileType = file.playground; path = TryScan.playground; sourceTree = "<group>"; xcLanguageSpecificationIdentifier = xcode.lang.swift; };
		9EC2FF562B983A3C0075B9F3 /* SetFailureType.playground */ = {isa = PBXFileReference; lastKnownFileType = file.playground; path = SetFailureType.playground; sourceTree = "<group>"; xcLanguageSpecificationIdentifier = xcode.lang.swift; };
		9EC2FF582B983D780075B9F3 /* Filter.playground */ = {isa = PBXFileReference; lastKnownFileType = file.playground; path = Filter.playground; sourceTree = "<group>"; xcLanguageSpecificationIdentifier = xcode.lang.swift; };
		9EC2FF5B2B983E720075B9F3 /* TryFilter.playground */ = {isa = PBXFileReference; lastKnownFileType = file.playground; path = TryFilter.playground; sourceTree = "<group>"; xcLanguageSpecificationIdentifier = xcode.lang.swift; };
		9EC2FF5C2B983F450075B9F3 /* CompactMap.playground */ = {isa = PBXFileReference; lastKnownFileType = file.playground; path = CompactMap.playground; sourceTree = "<group>"; xcLanguageSpecificationIdentifier = xcode.lang.swift; };
		9EC2FF5D2B9841400075B9F3 /* TryCompactMap.playground */ = {isa = PBXFileReference; lastKnownFileType = file.playground; path = TryCompactMap.playground; sourceTree = "<group>"; xcLanguageSpecificationIdentifier = xcode.lang.swift; };
		9EC2FF5E2B9842CC0075B9F3 /* RemoveDuplicates.playground */ = {isa = PBXFileReference; lastKnownFileType = file.playground; path = RemoveDuplicates.playground; sourceTree = "<group>"; xcLanguageSpecificationIdentifier = xcode.lang.swift; };
		9EC2FF5F2B9844690075B9F3 /* TryRemoveDuplicates.playground */ = {isa = PBXFileReference; lastKnownFileType = file.playground; path = TryRemoveDuplicates.playground; sourceTree = "<group>"; xcLanguageSpecificationIdentifier = xcode.lang.swift; };
		9EC2FF602B98458B0075B9F3 /* ReplaceEmpty.playground */ = {isa = PBXFileReference; lastKnownFileType = file.playground; path = ReplaceEmpty.playground; sourceTree = "<group>"; xcLanguageSpecificationIdentifier = xcode.lang.swift; };
		9EC2FF612B9848140075B9F3 /* ReplaceNil.playground */ = {isa = PBXFileReference; lastKnownFileType = file.playground; path = ReplaceNil.playground; sourceTree = "<group>"; xcLanguageSpecificationIdentifier = xcode.lang.swift; };
		9EC2FF622B9848610075B9F3 /* ReplaceError.playground */ = {isa = PBXFileReference; lastKnownFileType = file.playground; path = ReplaceError.playground; sourceTree = "<group>"; xcLanguageSpecificationIdentifier = xcode.lang.swift; };
		9EC2FF642B9886290075B9F3 /* Collect.playground */ = {isa = PBXFileReference; lastKnownFileType = file.playground; path = Collect.playground; sourceTree = "<group>"; xcLanguageSpecificationIdentifier = xcode.lang.swift; };
		9EC2FF652B988C0E0075B9F3 /* IgnoreOutput.playground */ = {isa = PBXFileReference; lastKnownFileType = file.playground; path = IgnoreOutput.playground; sourceTree = "<group>"; xcLanguageSpecificationIdentifier = xcode.lang.swift; };
		9EC2FF662B988CEC0075B9F3 /* Reduce.playground */ = {isa = PBXFileReference; lastKnownFileType = file.playground; path = Reduce.playground; sourceTree = "<group>"; xcLanguageSpecificationIdentifier = xcode.lang.swift; };
		9EC2FF672B988E840075B9F3 /* TryReduce.playground */ = {isa = PBXFileReference; lastKnownFileType = file.playground; path = TryReduce.playground; sourceTree = "<group>"; xcLanguageSpecificationIdentifier = xcode.lang.swift; };
		9EC2FF6C2B98906B0075B9F3 /* Count.playground */ = {isa = PBXFileReference; lastKnownFileType = file.playground; path = Count.playground; sourceTree = "<group>"; xcLanguageSpecificationIdentifier = xcode.lang.swift; };
		9EC2FF6D2B9891B20075B9F3 /* Comparison.playground */ = {isa = PBXFileReference; lastKnownFileType = file.playground; path = Comparison.playground; sourceTree = "<group>"; xcLanguageSpecificationIdentifier = xcode.lang.swift; };
		9EC2FF6E2B9893350075B9F3 /* TryComparison.playground */ = {isa = PBXFileReference; lastKnownFileType = file.playground; path = TryComparison.playground; sourceTree = "<group>"; xcLanguageSpecificationIdentifier = xcode.lang.swift; };
/* End PBXFileReference section */

/* Begin PBXFrameworksBuildPhase section */
		9E19711D2B70DB8900B3DC4F /* Frameworks */ = {
			isa = PBXFrameworksBuildPhase;
			buildActionMask = 2147483647;
			files = (
			);
			runOnlyForDeploymentPostprocessing = 0;
		};
/* End PBXFrameworksBuildPhase section */

/* Begin PBXGroup section */
		9E07CDCB2B96BD1900729611 /* Basic */ = {
			isa = PBXGroup;
			children = (
				9E07CDCD2B96BD4900729611 /* Combine.playground */,
				9E07CDCC2B96BD2200729611 /* Publisher+Subscription+Subscriber.playground */,
			);
			path = Basic;
			sourceTree = "<group>";
		};
		9E1971172B70DB8900B3DC4F = {
			isa = PBXGroup;
			children = (
				9E1971372B70DB9000B3DC4F /* Combine */,
				9E1971222B70DB8900B3DC4F /* HelloCombine */,
				9E1971212B70DB8900B3DC4F /* Products */,
			);
			sourceTree = "<group>";
		};
		9E1971212B70DB8900B3DC4F /* Products */ = {
			isa = PBXGroup;
			children = (
				9E1971202B70DB8900B3DC4F /* HelloCombine.app */,
			);
			name = Products;
			sourceTree = "<group>";
		};
		9E1971222B70DB8900B3DC4F /* HelloCombine */ = {
			isa = PBXGroup;
			children = (
				9E1971232B70DB8900B3DC4F /* AppDelegate.swift */,
				9E1971252B70DB8900B3DC4F /* SceneDelegate.swift */,
				9E1971272B70DB8900B3DC4F /* ViewController.swift */,
				9E1971292B70DB8900B3DC4F /* Main.storyboard */,
				9E19712C2B70DB8B00B3DC4F /* Assets.xcassets */,
				9E19712E2B70DB8B00B3DC4F /* LaunchScreen.storyboard */,
				9E1971312B70DB8B00B3DC4F /* Info.plist */,
			);
			path = HelloCombine;
			sourceTree = "<group>";
		};
		9E1971372B70DB9000B3DC4F /* Combine */ = {
			isa = PBXGroup;
			children = (
				9E07CDCB2B96BD1900729611 /* Basic */,
				9E1971382B70DB9500B3DC4F /* Publisher */,
				9E8FEA1C2B723557000F74D5 /* Subscriber */,
				9E19713A2B71012200B3DC4F /* Subject */,
				9E8FEA1E2B7243B1000F74D5 /* Operator */,
			);
			path = Combine;
			sourceTree = "<group>";
		};
		9E1971382B70DB9500B3DC4F /* Publisher */ = {
			isa = PBXGroup;
			children = (
				9E1971392B70DBA400B3DC4F /* Just.playground */,
				9E07CDC42B958EBE00729611 /* Future.playground */,
				9E07CDC52B95992E00729611 /* Deferred.playground */,
				9E07CDC62B959DA100729611 /* Empty.playground */,
				9E07CDC72B95A20900729611 /* Fail.playground */,
				9E07CDC82B95A33900729611 /* Record.playground */,
			);
			path = Publisher;
			sourceTree = "<group>";
		};
		9E19713A2B71012200B3DC4F /* Subject */ = {
			isa = PBXGroup;
			children = (
				9E19713B2B71013600B3DC4F /* PassthroughSubject.playground */,
				9E07CDC92B95A9C900729611 /* CurrentValueSubject.playground */,
			);
			path = Subject;
			sourceTree = "<group>";
		};
		9E8FEA1C2B723557000F74D5 /* Subscriber */ = {
			isa = PBXGroup;
			children = (
				9E07CDCA2B95B53B00729611 /* Sink.playground */,
				9E8FEA1D2B72356B000F74D5 /* Assign.playground */,
			);
			path = Subscriber;
			sourceTree = "<group>";
		};
		9E8FEA1E2B7243B1000F74D5 /* Operator */ = {
			isa = PBXGroup;
			children = (
				9EBF8DBB2B998AC4004E2BE9 /* Operator.playground */,
				9EB009572B99D52500611846 /* Sharing */,
				9EBF8DBC2B99BF2C004E2BE9 /* Timing */,
				9EBF8DB32B9982EB004E2BE9 /* Selecting */,
				9EBF8DA82B996F72004E2BE9 /* Sequencing */,
				9E9D5EDA2B9965BB00AA4E98 /* Containing */,
				9EC2FF6B2B9890630075B9F3 /* Mathing */,
				9EC2FF632B9884DE0075B9F3 /* Reducing */,
				9EC2FF572B983D6F0075B9F3 /* Filtering */,
				9E8FEA1F2B72474B000F74D5 /* Mapping */,
			);
			path = Operator;
			sourceTree = "<group>";
		};
		9E8FEA1F2B72474B000F74D5 /* Mapping */ = {
			isa = PBXGroup;
			children = (
				9E8FEA202B724753000F74D5 /* Map.playground */,
				9EC2FF522B9830880075B9F3 /* TryMap.playground */,
				9EC2FF532B9832910075B9F3 /* MapError.playground */,
				9EC2FF542B9835E90075B9F3 /* Scan.playground */,
				9EC2FF552B9837580075B9F3 /* TryScan.playground */,
				9EC2FF562B983A3C0075B9F3 /* SetFailureType.playground */,
			);
			path = Mapping;
			sourceTree = "<group>";
		};
		9E9D5EDA2B9965BB00AA4E98 /* Containing */ = {
			isa = PBXGroup;
			children = (
				9E9D5EDB2B9965CD00AA4E98 /* Contains.playground */,
				9E9D5EDC2B99693600AA4E98 /* ContainsWhere.playground */,
				9E9D5EDD2B996A3600AA4E98 /* TryContainsWhere.playground */,
				9E9D5EDE2B996C9F00AA4E98 /* AllSatisfy.playground */,
				9E9D5EDF2B996DC300AA4E98 /* TryAllSatisfy.playground */,
			);
			path = Containing;
			sourceTree = "<group>";
		};
		9EB009572B99D52500611846 /* Sharing */ = {
			isa = PBXGroup;
			children = (
				9EB009582B99D52F00611846 /* Multicast.playground */,
				9EB009592B99DC4600611846 /* Share.playground */,
			);
			path = Sharing;
			sourceTree = "<group>";
		};
		9EBF8DA82B996F72004E2BE9 /* Sequencing */ = {
			isa = PBXGroup;
			children = (
				9EBF8DA92B996F89004E2BE9 /* DropUntilOutput.playground */,
				9EBF8DAA2B997190004E2BE9 /* Drop.playground */,
				9EBF8DAB2B997391004E2BE9 /* DropWhile.playground */,
				9EBF8DAC2B9975AF004E2BE9 /* TryDropWhile.playground */,
				9EBF8DAE2B9978D0004E2BE9 /* Concatenate.playground */,
				9EBF8DAF2B997AEE004E2BE9 /* Prefix.playground */,
				9EBF8DB02B997C2D004E2BE9 /* PrefixWhile.playground */,
				9EBF8DB12B997CA9004E2BE9 /* TryPrefixWhile.playground */,
				9EBF8DB22B997D39004E2BE9 /* PrefixUntilOutput.playground */,
			);
			path = Sequencing;
			sourceTree = "<group>";
		};
		9EBF8DB32B9982EB004E2BE9 /* Selecting */ = {
			isa = PBXGroup;
			children = (
				9EBF8DB42B9982F5004E2BE9 /* First.playground */,
				9EBF8DB52B99846B004E2BE9 /* FirstWhere.playground */,
				9EBF8DB62B9984C0004E2BE9 /* TryFirstWhere.playground */,
				9EBF8DB72B998572004E2BE9 /* Last.playground */,
				9EBF8DB82B9986E0004E2BE9 /* LastWhere.playground */,
				9EBF8DB92B998711004E2BE9 /* TryLastWhere.playground */,
				9EBF8DBA2B9987E1004E2BE9 /* Output.playground */,
			);
			path = Selecting;
			sourceTree = "<group>";
		};
		9EBF8DBC2B99BF2C004E2BE9 /* Timing */ = {
			isa = PBXGroup;
			children = (
				9EBF8DBD2B99BF3F004E2BE9 /* MeasureInterval.playground */,
				9EBF8DBE2B99C225004E2BE9 /* Debounce.playground */,
				9EB009542B99C63100611846 /* Delay.playground */,
				9EB009552B99C86200611846 /* Throttle.playground */,
				9EB009562B99CB9B00611846 /* Timeout.playground */,
			);
			path = Timing;
			sourceTree = "<group>";
		};
		9EC2FF572B983D6F0075B9F3 /* Filtering */ = {
			isa = PBXGroup;
			children = (
				9EC2FF582B983D780075B9F3 /* Filter.playground */,
				9EC2FF5B2B983E720075B9F3 /* TryFilter.playground */,
				9EC2FF5C2B983F450075B9F3 /* CompactMap.playground */,
				9EC2FF5D2B9841400075B9F3 /* TryCompactMap.playground */,
				9EC2FF5E2B9842CC0075B9F3 /* RemoveDuplicates.playground */,
				9EC2FF5F2B9844690075B9F3 /* TryRemoveDuplicates.playground */,
				9EC2FF602B98458B0075B9F3 /* ReplaceEmpty.playground */,
				9EC2FF612B9848140075B9F3 /* ReplaceNil.playground */,
				9EC2FF622B9848610075B9F3 /* ReplaceError.playground */,
			);
			path = Filtering;
			sourceTree = "<group>";
		};
		9EC2FF632B9884DE0075B9F3 /* Reducing */ = {
			isa = PBXGroup;
			children = (
				9EC2FF642B9886290075B9F3 /* Collect.playground */,
				9EC2FF652B988C0E0075B9F3 /* IgnoreOutput.playground */,
				9EC2FF662B988CEC0075B9F3 /* Reduce.playground */,
				9EC2FF672B988E840075B9F3 /* TryReduce.playground */,
			);
			path = Reducing;
			sourceTree = "<group>";
		};
		9EC2FF6B2B9890630075B9F3 /* Mathing */ = {
			isa = PBXGroup;
			children = (
				9EC2FF6C2B98906B0075B9F3 /* Count.playground */,
				9EC2FF6D2B9891B20075B9F3 /* Comparison.playground */,
				9EC2FF6E2B9893350075B9F3 /* TryComparison.playground */,
			);
			path = Mathing;
			sourceTree = "<group>";
		};
/* End PBXGroup section */

/* Begin PBXNativeTarget section */
		9E19711F2B70DB8900B3DC4F /* HelloCombine */ = {
			isa = PBXNativeTarget;
			buildConfigurationList = 9E1971342B70DB8B00B3DC4F /* Build configuration list for PBXNativeTarget "HelloCombine" */;
			buildPhases = (
				9E19711C2B70DB8900B3DC4F /* Sources */,
				9E19711D2B70DB8900B3DC4F /* Frameworks */,
				9E19711E2B70DB8900B3DC4F /* Resources */,
			);
			buildRules = (
			);
			dependencies = (
			);
			name = HelloCombine;
			productName = HelloCombine;
			productReference = 9E1971202B70DB8900B3DC4F /* HelloCombine.app */;
			productType = "com.apple.product-type.application";
		};
/* End PBXNativeTarget section */

/* Begin PBXProject section */
		9E1971182B70DB8900B3DC4F /* Project object */ = {
			isa = PBXProject;
			attributes = {
				BuildIndependentTargetsInParallel = 1;
				LastSwiftUpdateCheck = 1510;
				LastUpgradeCheck = 1510;
				TargetAttributes = {
					9E19711F2B70DB8900B3DC4F = {
						CreatedOnToolsVersion = 15.1;
					};
				};
			};
			buildConfigurationList = 9E19711B2B70DB8900B3DC4F /* Build configuration list for PBXProject "HelloCombine" */;
			compatibilityVersion = "Xcode 14.0";
			developmentRegion = en;
			hasScannedForEncodings = 0;
			knownRegions = (
				en,
				Base,
			);
			mainGroup = 9E1971172B70DB8900B3DC4F;
			productRefGroup = 9E1971212B70DB8900B3DC4F /* Products */;
			projectDirPath = "";
			projectRoot = "";
			targets = (
				9E19711F2B70DB8900B3DC4F /* HelloCombine */,
			);
		};
/* End PBXProject section */

/* Begin PBXResourcesBuildPhase section */
		9E19711E2B70DB8900B3DC4F /* Resources */ = {
			isa = PBXResourcesBuildPhase;
			buildActionMask = 2147483647;
			files = (
				9E1971302B70DB8B00B3DC4F /* LaunchScreen.storyboard in Resources */,
				9E19712D2B70DB8B00B3DC4F /* Assets.xcassets in Resources */,
				9E19712B2B70DB8900B3DC4F /* Main.storyboard in Resources */,
			);
			runOnlyForDeploymentPostprocessing = 0;
		};
/* End PBXResourcesBuildPhase section */

/* Begin PBXSourcesBuildPhase section */
		9E19711C2B70DB8900B3DC4F /* Sources */ = {
			isa = PBXSourcesBuildPhase;
			buildActionMask = 2147483647;
			files = (
				9E1971282B70DB8900B3DC4F /* ViewController.swift in Sources */,
				9E1971242B70DB8900B3DC4F /* AppDelegate.swift in Sources */,
				9E1971262B70DB8900B3DC4F /* SceneDelegate.swift in Sources */,
			);
			runOnlyForDeploymentPostprocessing = 0;
		};
/* End PBXSourcesBuildPhase section */

/* Begin PBXVariantGroup section */
		9E1971292B70DB8900B3DC4F /* Main.storyboard */ = {
			isa = PBXVariantGroup;
			children = (
				9E19712A2B70DB8900B3DC4F /* Base */,
			);
			name = Main.storyboard;
			sourceTree = "<group>";
		};
		9E19712E2B70DB8B00B3DC4F /* LaunchScreen.storyboard */ = {
			isa = PBXVariantGroup;
			children = (
				9E19712F2B70DB8B00B3DC4F /* Base */,
			);
			name = LaunchScreen.storyboard;
			sourceTree = "<group>";
		};
/* End PBXVariantGroup section */

/* Begin XCBuildConfiguration section */
		9E1971322B70DB8B00B3DC4F /* Debug */ = {
			isa = XCBuildConfiguration;
			buildSettings = {
				ALWAYS_SEARCH_USER_PATHS = NO;
				ASSETCATALOG_COMPILER_GENERATE_SWIFT_ASSET_SYMBOL_EXTENSIONS = YES;
				CLANG_ANALYZER_NONNULL = YES;
				CLANG_ANALYZER_NUMBER_OBJECT_CONVERSION = YES_AGGRESSIVE;
				CLANG_CXX_LANGUAGE_STANDARD = "gnu++20";
				CLANG_ENABLE_MODULES = YES;
				CLANG_ENABLE_OBJC_ARC = YES;
				CLANG_ENABLE_OBJC_WEAK = YES;
				CLANG_WARN_BLOCK_CAPTURE_AUTORELEASING = YES;
				CLANG_WARN_BOOL_CONVERSION = YES;
				CLANG_WARN_COMMA = YES;
				CLANG_WARN_CONSTANT_CONVERSION = YES;
				CLANG_WARN_DEPRECATED_OBJC_IMPLEMENTATIONS = YES;
				CLANG_WARN_DIRECT_OBJC_ISA_USAGE = YES_ERROR;
				CLANG_WARN_DOCUMENTATION_COMMENTS = YES;
				CLANG_WARN_EMPTY_BODY = YES;
				CLANG_WARN_ENUM_CONVERSION = YES;
				CLANG_WARN_INFINITE_RECURSION = YES;
				CLANG_WARN_INT_CONVERSION = YES;
				CLANG_WARN_NON_LITERAL_NULL_CONVERSION = YES;
				CLANG_WARN_OBJC_IMPLICIT_RETAIN_SELF = YES;
				CLANG_WARN_OBJC_LITERAL_CONVERSION = YES;
				CLANG_WARN_OBJC_ROOT_CLASS = YES_ERROR;
				CLANG_WARN_QUOTED_INCLUDE_IN_FRAMEWORK_HEADER = YES;
				CLANG_WARN_RANGE_LOOP_ANALYSIS = YES;
				CLANG_WARN_STRICT_PROTOTYPES = YES;
				CLANG_WARN_SUSPICIOUS_MOVE = YES;
				CLANG_WARN_UNGUARDED_AVAILABILITY = YES_AGGRESSIVE;
				CLANG_WARN_UNREACHABLE_CODE = YES;
				CLANG_WARN__DUPLICATE_METHOD_MATCH = YES;
				COPY_PHASE_STRIP = NO;
				DEBUG_INFORMATION_FORMAT = dwarf;
				ENABLE_STRICT_OBJC_MSGSEND = YES;
				ENABLE_TESTABILITY = YES;
				ENABLE_USER_SCRIPT_SANDBOXING = YES;
				GCC_C_LANGUAGE_STANDARD = gnu17;
				GCC_DYNAMIC_NO_PIC = NO;
				GCC_NO_COMMON_BLOCKS = YES;
				GCC_OPTIMIZATION_LEVEL = 0;
				GCC_PREPROCESSOR_DEFINITIONS = (
					"DEBUG=1",
					"$(inherited)",
				);
				GCC_WARN_64_TO_32_BIT_CONVERSION = YES;
				GCC_WARN_ABOUT_RETURN_TYPE = YES_ERROR;
				GCC_WARN_UNDECLARED_SELECTOR = YES;
				GCC_WARN_UNINITIALIZED_AUTOS = YES_AGGRESSIVE;
				GCC_WARN_UNUSED_FUNCTION = YES;
				GCC_WARN_UNUSED_VARIABLE = YES;
				IPHONEOS_DEPLOYMENT_TARGET = 17.2;
				LOCALIZATION_PREFERS_STRING_CATALOGS = YES;
				MTL_ENABLE_DEBUG_INFO = INCLUDE_SOURCE;
				MTL_FAST_MATH = YES;
				ONLY_ACTIVE_ARCH = YES;
				SDKROOT = iphoneos;
				SWIFT_ACTIVE_COMPILATION_CONDITIONS = "DEBUG $(inherited)";
				SWIFT_OPTIMIZATION_LEVEL = "-Onone";
			};
			name = Debug;
		};
		9E1971332B70DB8B00B3DC4F /* Release */ = {
			isa = XCBuildConfiguration;
			buildSettings = {
				ALWAYS_SEARCH_USER_PATHS = NO;
				ASSETCATALOG_COMPILER_GENERATE_SWIFT_ASSET_SYMBOL_EXTENSIONS = YES;
				CLANG_ANALYZER_NONNULL = YES;
				CLANG_ANALYZER_NUMBER_OBJECT_CONVERSION = YES_AGGRESSIVE;
				CLANG_CXX_LANGUAGE_STANDARD = "gnu++20";
				CLANG_ENABLE_MODULES = YES;
				CLANG_ENABLE_OBJC_ARC = YES;
				CLANG_ENABLE_OBJC_WEAK = YES;
				CLANG_WARN_BLOCK_CAPTURE_AUTORELEASING = YES;
				CLANG_WARN_BOOL_CONVERSION = YES;
				CLANG_WARN_COMMA = YES;
				CLANG_WARN_CONSTANT_CONVERSION = YES;
				CLANG_WARN_DEPRECATED_OBJC_IMPLEMENTATIONS = YES;
				CLANG_WARN_DIRECT_OBJC_ISA_USAGE = YES_ERROR;
				CLANG_WARN_DOCUMENTATION_COMMENTS = YES;
				CLANG_WARN_EMPTY_BODY = YES;
				CLANG_WARN_ENUM_CONVERSION = YES;
				CLANG_WARN_INFINITE_RECURSION = YES;
				CLANG_WARN_INT_CONVERSION = YES;
				CLANG_WARN_NON_LITERAL_NULL_CONVERSION = YES;
				CLANG_WARN_OBJC_IMPLICIT_RETAIN_SELF = YES;
				CLANG_WARN_OBJC_LITERAL_CONVERSION = YES;
				CLANG_WARN_OBJC_ROOT_CLASS = YES_ERROR;
				CLANG_WARN_QUOTED_INCLUDE_IN_FRAMEWORK_HEADER = YES;
				CLANG_WARN_RANGE_LOOP_ANALYSIS = YES;
				CLANG_WARN_STRICT_PROTOTYPES = YES;
				CLANG_WARN_SUSPICIOUS_MOVE = YES;
				CLANG_WARN_UNGUARDED_AVAILABILITY = YES_AGGRESSIVE;
				CLANG_WARN_UNREACHABLE_CODE = YES;
				CLANG_WARN__DUPLICATE_METHOD_MATCH = YES;
				COPY_PHASE_STRIP = NO;
				DEBUG_INFORMATION_FORMAT = "dwarf-with-dsym";
				ENABLE_NS_ASSERTIONS = NO;
				ENABLE_STRICT_OBJC_MSGSEND = YES;
				ENABLE_USER_SCRIPT_SANDBOXING = YES;
				GCC_C_LANGUAGE_STANDARD = gnu17;
				GCC_NO_COMMON_BLOCKS = YES;
				GCC_WARN_64_TO_32_BIT_CONVERSION = YES;
				GCC_WARN_ABOUT_RETURN_TYPE = YES_ERROR;
				GCC_WARN_UNDECLARED_SELECTOR = YES;
				GCC_WARN_UNINITIALIZED_AUTOS = YES_AGGRESSIVE;
				GCC_WARN_UNUSED_FUNCTION = YES;
				GCC_WARN_UNUSED_VARIABLE = YES;
				IPHONEOS_DEPLOYMENT_TARGET = 17.2;
				LOCALIZATION_PREFERS_STRING_CATALOGS = YES;
				MTL_ENABLE_DEBUG_INFO = NO;
				MTL_FAST_MATH = YES;
				SDKROOT = iphoneos;
				SWIFT_COMPILATION_MODE = wholemodule;
				VALIDATE_PRODUCT = YES;
			};
			name = Release;
		};
		9E1971352B70DB8B00B3DC4F /* Debug */ = {
			isa = XCBuildConfiguration;
			buildSettings = {
				ASSETCATALOG_COMPILER_APPICON_NAME = AppIcon;
				ASSETCATALOG_COMPILER_GLOBAL_ACCENT_COLOR_NAME = AccentColor;
				CODE_SIGN_STYLE = Automatic;
				CURRENT_PROJECT_VERSION = 1;
				DEVELOPMENT_TEAM = 4DQM269FVB;
				GENERATE_INFOPLIST_FILE = YES;
				INFOPLIST_FILE = HelloCombine/Info.plist;
				INFOPLIST_KEY_UIApplicationSupportsIndirectInputEvents = YES;
				INFOPLIST_KEY_UILaunchStoryboardName = LaunchScreen;
				INFOPLIST_KEY_UIMainStoryboardFile = Main;
				INFOPLIST_KEY_UISupportedInterfaceOrientations_iPad = "UIInterfaceOrientationPortrait UIInterfaceOrientationPortraitUpsideDown UIInterfaceOrientationLandscapeLeft UIInterfaceOrientationLandscapeRight";
				INFOPLIST_KEY_UISupportedInterfaceOrientations_iPhone = "UIInterfaceOrientationPortrait UIInterfaceOrientationLandscapeLeft UIInterfaceOrientationLandscapeRight";
				LD_RUNPATH_SEARCH_PATHS = (
					"$(inherited)",
					"@executable_path/Frameworks",
				);
				MARKETING_VERSION = 1.0;
				PRODUCT_BUNDLE_IDENTIFIER = "com.kunwoo-kim.HelloCombine";
				PRODUCT_NAME = "$(TARGET_NAME)";
				SWIFT_EMIT_LOC_STRINGS = YES;
				SWIFT_VERSION = 5.0;
				TARGETED_DEVICE_FAMILY = "1,2";
			};
			name = Debug;
		};
		9E1971362B70DB8B00B3DC4F /* Release */ = {
			isa = XCBuildConfiguration;
			buildSettings = {
				ASSETCATALOG_COMPILER_APPICON_NAME = AppIcon;
				ASSETCATALOG_COMPILER_GLOBAL_ACCENT_COLOR_NAME = AccentColor;
				CODE_SIGN_STYLE = Automatic;
				CURRENT_PROJECT_VERSION = 1;
				DEVELOPMENT_TEAM = 4DQM269FVB;
				GENERATE_INFOPLIST_FILE = YES;
				INFOPLIST_FILE = HelloCombine/Info.plist;
				INFOPLIST_KEY_UIApplicationSupportsIndirectInputEvents = YES;
				INFOPLIST_KEY_UILaunchStoryboardName = LaunchScreen;
				INFOPLIST_KEY_UIMainStoryboardFile = Main;
				INFOPLIST_KEY_UISupportedInterfaceOrientations_iPad = "UIInterfaceOrientationPortrait UIInterfaceOrientationPortraitUpsideDown UIInterfaceOrientationLandscapeLeft UIInterfaceOrientationLandscapeRight";
				INFOPLIST_KEY_UISupportedInterfaceOrientations_iPhone = "UIInterfaceOrientationPortrait UIInterfaceOrientationLandscapeLeft UIInterfaceOrientationLandscapeRight";
				LD_RUNPATH_SEARCH_PATHS = (
					"$(inherited)",
					"@executable_path/Frameworks",
				);
				MARKETING_VERSION = 1.0;
				PRODUCT_BUNDLE_IDENTIFIER = "com.kunwoo-kim.HelloCombine";
				PRODUCT_NAME = "$(TARGET_NAME)";
				SWIFT_EMIT_LOC_STRINGS = YES;
				SWIFT_VERSION = 5.0;
				TARGETED_DEVICE_FAMILY = "1,2";
			};
			name = Release;
		};
/* End XCBuildConfiguration section */

/* Begin XCConfigurationList section */
		9E19711B2B70DB8900B3DC4F /* Build configuration list for PBXProject "HelloCombine" */ = {
			isa = XCConfigurationList;
			buildConfigurations = (
				9E1971322B70DB8B00B3DC4F /* Debug */,
				9E1971332B70DB8B00B3DC4F /* Release */,
			);
			defaultConfigurationIsVisible = 0;
			defaultConfigurationName = Release;
		};
		9E1971342B70DB8B00B3DC4F /* Build configuration list for PBXNativeTarget "HelloCombine" */ = {
			isa = XCConfigurationList;
			buildConfigurations = (
				9E1971352B70DB8B00B3DC4F /* Debug */,
				9E1971362B70DB8B00B3DC4F /* Release */,
			);
			defaultConfigurationIsVisible = 0;
			defaultConfigurationName = Release;
		};
/* End XCConfigurationList section */
	};
	rootObject = 9E1971182B70DB8900B3DC4F /* Project object */;
}
